
Microsoft Visual Studio Solution File, Format Version 12.00
# Visual Studio Version 16
VisualStudioVersion = 16.0.30002.166
MinimumVisualStudioVersion = 10.0.40219.1
Project("{FAE04EC0-301F-11D3-BF4B-00C04F79EFBC}") = "xmlMVC", "xmlMVC.csproj", "{BFFA2AFF-4574-41BB-81BB-6560E28AC94A}"
EndProject
Global
	GlobalSection(SolutionConfigurationPlatforms) = preSolution
		Debug|Any CPU = Debug|Any CPU
		Release|Any CPU = Release|Any CPU
	EndGlobalSection
	GlobalSection(ProjectConfigurationPlatforms) = postSolution
		{BFFA2AFF-4574-41BB-81BB-6560E28AC94A}.Debug|Any CPU.ActiveCfg = Debug|Any CPU
		{BFFA2AFF-4574-41BB-81BB-6560E28AC94A}.Debug|Any CPU.Build.0 = Debug|Any CPU
		{BFFA2AFF-4574-41BB-81BB-6560E28AC94A}.Release|Any CPU.ActiveCfg = Release|Any CPU
		{BFFA2AFF-4574-41BB-81BB-6560E28AC94A}.Release|Any CPU.Build.0 = Release|Any CPU
	EndGlobalSection
	GlobalSection(SolutionProperties) = preSolution
		HideSolutionNode = FALSE
	EndGlobalSection
	GlobalSection(ExtensibilityGlobals) = postSolution
		SolutionGuid = {917E1A23-CDD3-405A-8407-FC50B8B924D3}
	EndGlobalSection
EndGlobal
